
Microsoft Visual Studio Solution File, Format Version 12.00
# Visual Studio Version 16
VisualStudioVersion = 16.0.30717.126
MinimumVisualStudioVersion = 10.0.40219.1
Project("{8BC9CEB8-8B4A-11D0-8D11-00A0C91BC942}") = "OpenCV_object_tracking_system", "OpenCV_object_tracking_system\OpenCV_object_tracking_system.vcxproj", "{219C8381-EA16-4995-88A6-FBC0B577566F}"
EndProject
Global
	GlobalSection(SolutionConfigurationPlatforms) = preSolution
		Debug|x64 = Debug|x64
		Debug|x86 = Debug|x86
		Release|x64 = Release|x64
		Release|x86 = Release|x86
	EndGlobalSection
	GlobalSection(ProjectConfigurationPlatforms) = postSolution
		{219C8381-EA16-4995-88A6-FBC0B577566F}.Debug|x64.ActiveCfg = Debug|x64
		{219C8381-EA16-4995-88A6-FBC0B577566F}.Debug|x64.Build.0 = Debug|x64
		{219C8381-EA16-4995-88A6-FBC0B577566F}.Debug|x86.ActiveCfg = Debug|Win32
		{219C8381-EA16-4995-88A6-FBC0B577566F}.Debug|x86.Build.0 = Debug|Win32
		{219C8381-EA16-4995-88A6-FBC0B577566F}.Release|x64.ActiveCfg = Release|x64
		{219C8381-EA16-4995-88A6-FBC0B577566F}.Release|x64.Build.0 = Release|x64
		{219C8381-EA16-4995-88A6-FBC0B577566F}.Release|x86.ActiveCfg = Release|Win32
		{219C8381-EA16-4995-88A6-FBC0B577566F}.Release|x86.Build.0 = Release|Win32
	EndGlobalSection
	GlobalSection(SolutionProperties) = preSolution
		HideSolutionNode = FALSE
	EndGlobalSection
	GlobalSection(ExtensibilityGlobals) = postSolution
		SolutionGuid = {B7EE0ECD-71C8-4467-ACCE-E1D4F3C952AD}
	EndGlobalSection
EndGlobal
